
Microsoft Visual Studio Solution File, Format Version 12.00
# Visual Studio 2015
Project("{FAE04EC0-301F-11D3-BF4B-00C04F79EFBC}") = "Tynka.CSharp.Plugins", "Tynka.CSharp.Plugins.csproj", "{9A4D00C5-4C0D-A709-2405-B616371D6896}"
EndProject
Project("{FAE04EC0-301F-11D3-BF4B-00C04F79EFBC}") = "Tynka.CSharp", "Tynka.CSharp.csproj", "{A8E1A8F1-F8D7-441D-7B7B-D973F393AD27}"
EndProject
Project("{FAE04EC0-301F-11D3-BF4B-00C04F79EFBC}") = "Tynka.CSharp.Editor", "Tynka.CSharp.Editor.csproj", "{B6656B71-9AF6-1020-ED3B-5B5C36AB1142}"
EndProject
Global
	GlobalSection(SolutionConfigurationPlatforms) = preSolution
		Debug|Any CPU = Debug|Any CPU
		Release|Any CPU = Release|Any CPU
	EndGlobalSection
	GlobalSection(ProjectConfigurationPlatforms) = postSolution
		{9A4D00C5-4C0D-A709-2405-B616371D6896}.Debug|Any CPU.ActiveCfg = Debug|Any CPU
		{9A4D00C5-4C0D-A709-2405-B616371D6896}.Debug|Any CPU.Build.0 = Debug|Any CPU
		{9A4D00C5-4C0D-A709-2405-B616371D6896}.Release|Any CPU.ActiveCfg = Release|Any CPU
		{9A4D00C5-4C0D-A709-2405-B616371D6896}.Release|Any CPU.Build.0 = Release|Any CPU
		{A8E1A8F1-F8D7-441D-7B7B-D973F393AD27}.Debug|Any CPU.ActiveCfg = Debug|Any CPU
		{A8E1A8F1-F8D7-441D-7B7B-D973F393AD27}.Debug|Any CPU.Build.0 = Debug|Any CPU
		{A8E1A8F1-F8D7-441D-7B7B-D973F393AD27}.Release|Any CPU.ActiveCfg = Release|Any CPU
		{A8E1A8F1-F8D7-441D-7B7B-D973F393AD27}.Release|Any CPU.Build.0 = Release|Any CPU
		{B6656B71-9AF6-1020-ED3B-5B5C36AB1142}.Debug|Any CPU.ActiveCfg = Debug|Any CPU
		{B6656B71-9AF6-1020-ED3B-5B5C36AB1142}.Debug|Any CPU.Build.0 = Debug|Any CPU
		{B6656B71-9AF6-1020-ED3B-5B5C36AB1142}.Release|Any CPU.ActiveCfg = Release|Any CPU
		{B6656B71-9AF6-1020-ED3B-5B5C36AB1142}.Release|Any CPU.Build.0 = Release|Any CPU
	EndGlobalSection
	GlobalSection(SolutionProperties) = preSolution
		HideSolutionNode = FALSE
	EndGlobalSection
EndGlobal
